
Microsoft Visual Studio Solution File, Format Version 12.00
Project("{FAE04EC0-301F-11D3-BF4B-00C04F79EFBC}") = "WebApi.Web", "WebApi.Web\WebApi.Web.csproj", "{99D8A166-F01B-472A-A338-AD63F0C2924F}"
EndProject
Project("{2150E333-8FDC-42A3-9474-1A3956D46DE8}") = "Build", "Build", "{C0999C96-7D59-4DEE-945B-D12BC140F506}"
	ProjectSection(SolutionItems) = preProject
		.dockerignore = .dockerignore
		Dockerfile = Dockerfile
	EndProjectSection
EndProject
Project("{2150E333-8FDC-42A3-9474-1A3956D46DE8}") = "Environment", "Environment", "{7961F353-2F50-422C-A208-CA54AE67DDDB}"
	ProjectSection(SolutionItems) = preProject
		Environment\app.docker-compose.yaml = Environment\app.docker-compose.yaml
		Environment\init-master.sh = Environment\init-master.sh
		Environment\init-replica.sh = Environment\init-replica.sh
	EndProjectSection
EndProject
Project("{2150E333-8FDC-42A3-9474-1A3956D46DE8}") = "Observability", "Observability", "{51A23865-2B41-4056-9E87-1C59F9729DAD}"
	ProjectSection(SolutionItems) = preProject
		Environment\Observability\prometheus.yml = Environment\Observability\prometheus.yml
		Environment\Observability\observ.docker-compose.yaml = Environment\Observability\observ.docker-compose.yaml
		Environment\Observability\ASP.NET Core-Dashboard.json = Environment\Observability\ASP.NET Core-Dashboard.json
	EndProjectSection
EndProject
Project("{2150E333-8FDC-42A3-9474-1A3956D46DE8}") = "Infrastructure", "Infrastructure", "{0DF47002-A99E-4796-B4EE-AED8513156AA}"
EndProject
Project("{FAE04EC0-301F-11D3-BF4B-00C04F79EFBC}") = "WebApi.Persistence", "WebApi.Persistence\WebApi.Persistence.csproj", "{281675B8-C8B8-4E8C-A5E5-4ACE62A6D7E4}"
EndProject
Global
	GlobalSection(SolutionConfigurationPlatforms) = preSolution
		Debug|Any CPU = Debug|Any CPU
		Release|Any CPU = Release|Any CPU
	EndGlobalSection
	GlobalSection(ProjectConfigurationPlatforms) = postSolution
		{99D8A166-F01B-472A-A338-AD63F0C2924F}.Debug|Any CPU.ActiveCfg = Debug|Any CPU
		{99D8A166-F01B-472A-A338-AD63F0C2924F}.Debug|Any CPU.Build.0 = Debug|Any CPU
		{99D8A166-F01B-472A-A338-AD63F0C2924F}.Release|Any CPU.ActiveCfg = Release|Any CPU
		{99D8A166-F01B-472A-A338-AD63F0C2924F}.Release|Any CPU.Build.0 = Release|Any CPU
		{281675B8-C8B8-4E8C-A5E5-4ACE62A6D7E4}.Debug|Any CPU.ActiveCfg = Debug|Any CPU
		{281675B8-C8B8-4E8C-A5E5-4ACE62A6D7E4}.Debug|Any CPU.Build.0 = Debug|Any CPU
		{281675B8-C8B8-4E8C-A5E5-4ACE62A6D7E4}.Release|Any CPU.ActiveCfg = Release|Any CPU
		{281675B8-C8B8-4E8C-A5E5-4ACE62A6D7E4}.Release|Any CPU.Build.0 = Release|Any CPU
	EndGlobalSection
	GlobalSection(NestedProjects) = preSolution
		{7961F353-2F50-422C-A208-CA54AE67DDDB} = {C0999C96-7D59-4DEE-945B-D12BC140F506}
		{51A23865-2B41-4056-9E87-1C59F9729DAD} = {C0999C96-7D59-4DEE-945B-D12BC140F506}
		{281675B8-C8B8-4E8C-A5E5-4ACE62A6D7E4} = {0DF47002-A99E-4796-B4EE-AED8513156AA}
	EndGlobalSection
EndGlobal
